
Microsoft Visual Studio Solution File, Format Version 12.00
# Visual Studio Version 17
VisualStudioVersion = 17.5.002.0
MinimumVisualStudioVersion = 10.0.40219.1
Project("{2150E333-8FDC-42A3-9474-1A3956D46DE8}") = "src", "src", "{C8E77585-7D90-408C-9F6F-DFB568F146C9}"
EndProject
Project("{9A19103F-16F7-4668-BE54-9A1E7A4F7556}") = "Application", "src\Application\Application.csproj", "{1E10DC30-37A0-4F88-894D-5712D0EE17D0}"
EndProject
Project("{9A19103F-16F7-4668-BE54-9A1E7A4F7556}") = "Domain", "src\Domain\Domain.csproj", "{964AEDC9-4656-44D6-95BF-868B270118A5}"
EndProject
Project("{9A19103F-16F7-4668-BE54-9A1E7A4F7556}") = "Infrastructure", "src\Infrastructure\Infrastructure.csproj", "{35841344-BEB5-493F-AB8B-AF3C67979011}"
EndProject
Project("{9A19103F-16F7-4668-BE54-9A1E7A4F7556}") = "Presentation", "src\Presentation\Presentation.csproj", "{11E8A3ED-1266-44F0-B46F-C3556F13F15B}"
EndProject
Project("{9A19103F-16F7-4668-BE54-9A1E7A4F7556}") = "Web", "src\Web\Web.csproj", "{041738A5-BA4B-4A64-8338-4863B5325D66}"
EndProject
Global
	GlobalSection(SolutionConfigurationPlatforms) = preSolution
		Debug|Any CPU = Debug|Any CPU
		Release|Any CPU = Release|Any CPU
	EndGlobalSection
	GlobalSection(ProjectConfigurationPlatforms) = postSolution
		{1E10DC30-37A0-4F88-894D-5712D0EE17D0}.Debug|Any CPU.ActiveCfg = Debug|Any CPU
		{1E10DC30-37A0-4F88-894D-5712D0EE17D0}.Debug|Any CPU.Build.0 = Debug|Any CPU
		{1E10DC30-37A0-4F88-894D-5712D0EE17D0}.Release|Any CPU.ActiveCfg = Release|Any CPU
		{1E10DC30-37A0-4F88-894D-5712D0EE17D0}.Release|Any CPU.Build.0 = Release|Any CPU
		{964AEDC9-4656-44D6-95BF-868B270118A5}.Debug|Any CPU.ActiveCfg = Debug|Any CPU
		{964AEDC9-4656-44D6-95BF-868B270118A5}.Debug|Any CPU.Build.0 = Debug|Any CPU
		{964AEDC9-4656-44D6-95BF-868B270118A5}.Release|Any CPU.ActiveCfg = Release|Any CPU
		{964AEDC9-4656-44D6-95BF-868B270118A5}.Release|Any CPU.Build.0 = Release|Any CPU
		{35841344-BEB5-493F-AB8B-AF3C67979011}.Debug|Any CPU.ActiveCfg = Debug|Any CPU
		{35841344-BEB5-493F-AB8B-AF3C67979011}.Debug|Any CPU.Build.0 = Debug|Any CPU
		{35841344-BEB5-493F-AB8B-AF3C67979011}.Release|Any CPU.ActiveCfg = Release|Any CPU
		{35841344-BEB5-493F-AB8B-AF3C67979011}.Release|Any CPU.Build.0 = Release|Any CPU
		{11E8A3ED-1266-44F0-B46F-C3556F13F15B}.Debug|Any CPU.ActiveCfg = Debug|Any CPU
		{11E8A3ED-1266-44F0-B46F-C3556F13F15B}.Debug|Any CPU.Build.0 = Debug|Any CPU
		{11E8A3ED-1266-44F0-B46F-C3556F13F15B}.Release|Any CPU.ActiveCfg = Release|Any CPU
		{11E8A3ED-1266-44F0-B46F-C3556F13F15B}.Release|Any CPU.Build.0 = Release|Any CPU
		{041738A5-BA4B-4A64-8338-4863B5325D66}.Debug|Any CPU.ActiveCfg = Debug|Any CPU
		{041738A5-BA4B-4A64-8338-4863B5325D66}.Debug|Any CPU.Build.0 = Debug|Any CPU
		{041738A5-BA4B-4A64-8338-4863B5325D66}.Release|Any CPU.ActiveCfg = Release|Any CPU
		{041738A5-BA4B-4A64-8338-4863B5325D66}.Release|Any CPU.Build.0 = Release|Any CPU
	EndGlobalSection
	GlobalSection(SolutionProperties) = preSolution
		HideSolutionNode = FALSE
	EndGlobalSection
	GlobalSection(NestedProjects) = preSolution
		{1E10DC30-37A0-4F88-894D-5712D0EE17D0} = {C8E77585-7D90-408C-9F6F-DFB568F146C9}
		{964AEDC9-4656-44D6-95BF-868B270118A5} = {C8E77585-7D90-408C-9F6F-DFB568F146C9}
		{35841344-BEB5-493F-AB8B-AF3C67979011} = {C8E77585-7D90-408C-9F6F-DFB568F146C9}
		{11E8A3ED-1266-44F0-B46F-C3556F13F15B} = {C8E77585-7D90-408C-9F6F-DFB568F146C9}
		{041738A5-BA4B-4A64-8338-4863B5325D66} = {C8E77585-7D90-408C-9F6F-DFB568F146C9}
	EndGlobalSection
	GlobalSection(ExtensibilityGlobals) = postSolution
		SolutionGuid = {66BC45DF-2B4C-407C-B24A-1A21BC59D00F}
	EndGlobalSection
EndGlobal
