
Microsoft Visual Studio Solution File, Format Version 12.00
# Visual Studio Version 17
VisualStudioVersion = 17.5.002.0
MinimumVisualStudioVersion = 10.0.40219.1
Project("{9A19103F-16F7-4668-BE54-9A1E7A4F7556}") = "Application", "Application\Application.csproj", "{C1C7AAA2-87F1-47E9-A986-DF1329D32062}"
EndProject
Project("{9A19103F-16F7-4668-BE54-9A1E7A4F7556}") = "Contracts", "Contracts\Contracts.csproj", "{22D5D00F-530C-4B53-99CF-5598D0C2CCD8}"
EndProject
Project("{9A19103F-16F7-4668-BE54-9A1E7A4F7556}") = "Domain", "Domain\Domain.csproj", "{67CA5A8F-8027-4904-8A5D-EFE78ECA7F83}"
EndProject
Project("{9A19103F-16F7-4668-BE54-9A1E7A4F7556}") = "Infrastructure", "Infrastructure\Infrastructure.csproj", "{6B12BA9E-6B59-4684-A2D2-69C1D74DADE1}"
EndProject
Project("{9A19103F-16F7-4668-BE54-9A1E7A4F7556}") = "Presentation", "Presentation\Presentation.csproj", "{00879FC6-9F9C-4636-87B6-2BEFC9B89D74}"
EndProject
Project("{9A19103F-16F7-4668-BE54-9A1E7A4F7556}") = "Web", "Web\Web.csproj", "{6780FEF5-80C5-41FD-A3F2-27BDBAF7E26D}"
EndProject
Global
	GlobalSection(SolutionConfigurationPlatforms) = preSolution
		Debug|Any CPU = Debug|Any CPU
		Release|Any CPU = Release|Any CPU
	EndGlobalSection
	GlobalSection(ProjectConfigurationPlatforms) = postSolution
		{C1C7AAA2-87F1-47E9-A986-DF1329D32062}.Debug|Any CPU.ActiveCfg = Debug|Any CPU
		{C1C7AAA2-87F1-47E9-A986-DF1329D32062}.Debug|Any CPU.Build.0 = Debug|Any CPU
		{C1C7AAA2-87F1-47E9-A986-DF1329D32062}.Release|Any CPU.ActiveCfg = Release|Any CPU
		{C1C7AAA2-87F1-47E9-A986-DF1329D32062}.Release|Any CPU.Build.0 = Release|Any CPU
		{22D5D00F-530C-4B53-99CF-5598D0C2CCD8}.Debug|Any CPU.ActiveCfg = Debug|Any CPU
		{22D5D00F-530C-4B53-99CF-5598D0C2CCD8}.Debug|Any CPU.Build.0 = Debug|Any CPU
		{22D5D00F-530C-4B53-99CF-5598D0C2CCD8}.Release|Any CPU.ActiveCfg = Release|Any CPU
		{22D5D00F-530C-4B53-99CF-5598D0C2CCD8}.Release|Any CPU.Build.0 = Release|Any CPU
		{67CA5A8F-8027-4904-8A5D-EFE78ECA7F83}.Debug|Any CPU.ActiveCfg = Debug|Any CPU
		{67CA5A8F-8027-4904-8A5D-EFE78ECA7F83}.Debug|Any CPU.Build.0 = Debug|Any CPU
		{67CA5A8F-8027-4904-8A5D-EFE78ECA7F83}.Release|Any CPU.ActiveCfg = Release|Any CPU
		{67CA5A8F-8027-4904-8A5D-EFE78ECA7F83}.Release|Any CPU.Build.0 = Release|Any CPU
		{6B12BA9E-6B59-4684-A2D2-69C1D74DADE1}.Debug|Any CPU.ActiveCfg = Debug|Any CPU
		{6B12BA9E-6B59-4684-A2D2-69C1D74DADE1}.Debug|Any CPU.Build.0 = Debug|Any CPU
		{6B12BA9E-6B59-4684-A2D2-69C1D74DADE1}.Release|Any CPU.ActiveCfg = Release|Any CPU
		{6B12BA9E-6B59-4684-A2D2-69C1D74DADE1}.Release|Any CPU.Build.0 = Release|Any CPU
		{00879FC6-9F9C-4636-87B6-2BEFC9B89D74}.Debug|Any CPU.ActiveCfg = Debug|Any CPU
		{00879FC6-9F9C-4636-87B6-2BEFC9B89D74}.Debug|Any CPU.Build.0 = Debug|Any CPU
		{00879FC6-9F9C-4636-87B6-2BEFC9B89D74}.Release|Any CPU.ActiveCfg = Release|Any CPU
		{00879FC6-9F9C-4636-87B6-2BEFC9B89D74}.Release|Any CPU.Build.0 = Release|Any CPU
		{6780FEF5-80C5-41FD-A3F2-27BDBAF7E26D}.Debug|Any CPU.ActiveCfg = Debug|Any CPU
		{6780FEF5-80C5-41FD-A3F2-27BDBAF7E26D}.Debug|Any CPU.Build.0 = Debug|Any CPU
		{6780FEF5-80C5-41FD-A3F2-27BDBAF7E26D}.Release|Any CPU.ActiveCfg = Release|Any CPU
		{6780FEF5-80C5-41FD-A3F2-27BDBAF7E26D}.Release|Any CPU.Build.0 = Release|Any CPU
	EndGlobalSection
	GlobalSection(SolutionProperties) = preSolution
		HideSolutionNode = FALSE
	EndGlobalSection
	GlobalSection(ExtensibilityGlobals) = postSolution
		SolutionGuid = {66BC45DF-2B4C-407C-B24A-1A21BC59D00F}
	EndGlobalSection
EndGlobal
